
Microsoft Visual Studio Solution File, Format Version 12.00
# Visual Studio Version 17
VisualStudioVersion = 17.9.34728.123
MinimumVisualStudioVersion = 10.0.40219.1
Project("{9A19103F-16F7-4668-BE54-9A1E7A4F7556}") = "Desafio", "Desafio\Desafio.csproj", "{DEC12F61-C6FD-4FAB-AE88-96955BE3DD3D}"
EndProject
Project("{9A19103F-16F7-4668-BE54-9A1E7A4F7556}") = "Exemplos do prof", "Exemplos do prof\Exemplos do prof.csproj", "{FFDDD0C3-5BAD-44A8-A78E-BCEC1A5B5025}"
EndProject
Project("{FAE04EC0-301F-11D3-BF4B-00C04F79EFBC}") = "Construtor00", "Construtor00\Construtor00.csproj", "{7902CCA7-2EDB-4EF1-AA98-CF19213481E4}"
EndProject
Project("{FAE04EC0-301F-11D3-BF4B-00C04F79EFBC}") = "ConstrutorExemplo", "ConstrutorExemplo\ConstrutorExemplo.csproj", "{B88CC03A-7839-441E-AC46-634FEEBC5B7B}"
EndProject
Global
	GlobalSection(SolutionConfigurationPlatforms) = preSolution
		Debug|Any CPU = Debug|Any CPU
		Release|Any CPU = Release|Any CPU
	EndGlobalSection
	GlobalSection(ProjectConfigurationPlatforms) = postSolution
		{DEC12F61-C6FD-4FAB-AE88-96955BE3DD3D}.Debug|Any CPU.ActiveCfg = Debug|Any CPU
		{DEC12F61-C6FD-4FAB-AE88-96955BE3DD3D}.Debug|Any CPU.Build.0 = Debug|Any CPU
		{DEC12F61-C6FD-4FAB-AE88-96955BE3DD3D}.Release|Any CPU.ActiveCfg = Release|Any CPU
		{DEC12F61-C6FD-4FAB-AE88-96955BE3DD3D}.Release|Any CPU.Build.0 = Release|Any CPU
		{FFDDD0C3-5BAD-44A8-A78E-BCEC1A5B5025}.Debug|Any CPU.ActiveCfg = Debug|Any CPU
		{FFDDD0C3-5BAD-44A8-A78E-BCEC1A5B5025}.Debug|Any CPU.Build.0 = Debug|Any CPU
		{FFDDD0C3-5BAD-44A8-A78E-BCEC1A5B5025}.Release|Any CPU.ActiveCfg = Release|Any CPU
		{FFDDD0C3-5BAD-44A8-A78E-BCEC1A5B5025}.Release|Any CPU.Build.0 = Release|Any CPU
		{7902CCA7-2EDB-4EF1-AA98-CF19213481E4}.Debug|Any CPU.ActiveCfg = Debug|Any CPU
		{7902CCA7-2EDB-4EF1-AA98-CF19213481E4}.Debug|Any CPU.Build.0 = Debug|Any CPU
		{7902CCA7-2EDB-4EF1-AA98-CF19213481E4}.Release|Any CPU.ActiveCfg = Release|Any CPU
		{7902CCA7-2EDB-4EF1-AA98-CF19213481E4}.Release|Any CPU.Build.0 = Release|Any CPU
		{B88CC03A-7839-441E-AC46-634FEEBC5B7B}.Debug|Any CPU.ActiveCfg = Debug|Any CPU
		{B88CC03A-7839-441E-AC46-634FEEBC5B7B}.Debug|Any CPU.Build.0 = Debug|Any CPU
		{B88CC03A-7839-441E-AC46-634FEEBC5B7B}.Release|Any CPU.ActiveCfg = Release|Any CPU
		{B88CC03A-7839-441E-AC46-634FEEBC5B7B}.Release|Any CPU.Build.0 = Release|Any CPU
	EndGlobalSection
	GlobalSection(SolutionProperties) = preSolution
		HideSolutionNode = FALSE
	EndGlobalSection
	GlobalSection(ExtensibilityGlobals) = postSolution
		SolutionGuid = {8F334555-BAB3-427E-B4E3-808C59E9F175}
	EndGlobalSection
EndGlobal
